
Microsoft Visual Studio Solution File, Format Version 11.00
# Visual Studio 2010
Project("{FAE04EC0-301F-11D3-BF4B-00C04F79EFBC}") = "META", "META\META\META.csproj", "{BEFFD5CD-00C2-43BC-B6C5-A2659EDDF5B3}"
EndProject
Project("{96E2B04D-8817-42C6-938A-82C39BA4D311}") = "METAContent", "META\METAContent\METAContent.contentproj", "{61FA9CE7-E6CC-4AC7-96C4-14057D64FE0E}"
EndProject
Global
	GlobalSection(SolutionConfigurationPlatforms) = preSolution
		Debug|x86 = Debug|x86
		Release|x86 = Release|x86
	EndGlobalSection
	GlobalSection(ProjectConfigurationPlatforms) = postSolution
		{BEFFD5CD-00C2-43BC-B6C5-A2659EDDF5B3}.Debug|x86.ActiveCfg = Debug|x86
		{BEFFD5CD-00C2-43BC-B6C5-A2659EDDF5B3}.Debug|x86.Build.0 = Debug|x86
		{BEFFD5CD-00C2-43BC-B6C5-A2659EDDF5B3}.Release|x86.ActiveCfg = Release|x86
		{BEFFD5CD-00C2-43BC-B6C5-A2659EDDF5B3}.Release|x86.Build.0 = Release|x86
		{61FA9CE7-E6CC-4AC7-96C4-14057D64FE0E}.Debug|x86.ActiveCfg = Debug|x86
		{61FA9CE7-E6CC-4AC7-96C4-14057D64FE0E}.Release|x86.ActiveCfg = Release|x86
	EndGlobalSection
	GlobalSection(SolutionProperties) = preSolution
		HideSolutionNode = FALSE
	EndGlobalSection
EndGlobal
